
Microsoft Visual Studio Solution File, Format Version 12.00
# Visual Studio Version 16
VisualStudioVersion = 16.0.30611.23
MinimumVisualStudioVersion = 10.0.40219.1
Project("{FAE04EC0-301F-11D3-BF4B-00C04F79EFBC}") = "sales-mvc", "sales-mvc\sales-mvc.csproj", "{12EDC810-F759-4218-B4DB-A49311DA5D7C}"
EndProject
Global
	GlobalSection(SolutionConfigurationPlatforms) = preSolution
		Debug|Any CPU = Debug|Any CPU
		Release|Any CPU = Release|Any CPU
	EndGlobalSection
	GlobalSection(ProjectConfigurationPlatforms) = postSolution
		{12EDC810-F759-4218-B4DB-A49311DA5D7C}.Debug|Any CPU.ActiveCfg = Debug|Any CPU
		{12EDC810-F759-4218-B4DB-A49311DA5D7C}.Debug|Any CPU.Build.0 = Debug|Any CPU
		{12EDC810-F759-4218-B4DB-A49311DA5D7C}.Release|Any CPU.ActiveCfg = Release|Any CPU
		{12EDC810-F759-4218-B4DB-A49311DA5D7C}.Release|Any CPU.Build.0 = Release|Any CPU
	EndGlobalSection
	GlobalSection(SolutionProperties) = preSolution
		HideSolutionNode = FALSE
	EndGlobalSection
	GlobalSection(ExtensibilityGlobals) = postSolution
		SolutionGuid = {0DE8EA1B-0642-450A-8A39-B477D23EDED8}
	EndGlobalSection
EndGlobal
